
Microsoft Visual Studio Solution File, Format Version 12.00
# Visual Studio Version 16
VisualStudioVersion = 16.0.32126.315
MinimumVisualStudioVersion = 10.0.40219.1
Project("{FAE04EC0-301F-11D3-BF4B-00C04F79EFBC}") = "Inventory.Data", "Inventory.Data\Inventory.Data.csproj", "{970B635C-A3F2-4366-B35B-01D10CE8F790}"
EndProject
Project("{FAE04EC0-301F-11D3-BF4B-00C04F79EFBC}") = "Inventory.Web", "Inventory.Web\Inventory.Web.csproj", "{47693CEB-2E73-44EC-9A72-ED5876588E8E}"
EndProject
Global
	GlobalSection(SolutionConfigurationPlatforms) = preSolution
		Debug|Any CPU = Debug|Any CPU
		Release|Any CPU = Release|Any CPU
	EndGlobalSection
	GlobalSection(ProjectConfigurationPlatforms) = postSolution
		{970B635C-A3F2-4366-B35B-01D10CE8F790}.Debug|Any CPU.ActiveCfg = Debug|Any CPU
		{970B635C-A3F2-4366-B35B-01D10CE8F790}.Debug|Any CPU.Build.0 = Debug|Any CPU
		{970B635C-A3F2-4366-B35B-01D10CE8F790}.Release|Any CPU.ActiveCfg = Release|Any CPU
		{970B635C-A3F2-4366-B35B-01D10CE8F790}.Release|Any CPU.Build.0 = Release|Any CPU
		{47693CEB-2E73-44EC-9A72-ED5876588E8E}.Debug|Any CPU.ActiveCfg = Debug|Any CPU
		{47693CEB-2E73-44EC-9A72-ED5876588E8E}.Debug|Any CPU.Build.0 = Debug|Any CPU
		{47693CEB-2E73-44EC-9A72-ED5876588E8E}.Release|Any CPU.ActiveCfg = Release|Any CPU
		{47693CEB-2E73-44EC-9A72-ED5876588E8E}.Release|Any CPU.Build.0 = Release|Any CPU
	EndGlobalSection
	GlobalSection(SolutionProperties) = preSolution
		HideSolutionNode = FALSE
	EndGlobalSection
	GlobalSection(ExtensibilityGlobals) = postSolution
		SolutionGuid = {5C1A11F9-DFEB-474C-B382-2AA37457E689}
	EndGlobalSection
EndGlobal
